
Microsoft Visual Studio Solution File, Format Version 12.00
# Visual Studio Version 17
VisualStudioVersion = 17.2.32602.215
MinimumVisualStudioVersion = 10.0.40219.1
Project("{FAE04EC0-301F-11D3-BF4B-00C04F79EFBC}") = "PetTesting", "PetTesting\PetTesting.csproj", "{8C416662-539C-4FED-B9FC-889BDF11CD1F}"
EndProject
Global
	GlobalSection(SolutionConfigurationPlatforms) = preSolution
		Debug|Any CPU = Debug|Any CPU
		Release|Any CPU = Release|Any CPU
	EndGlobalSection
	GlobalSection(ProjectConfigurationPlatforms) = postSolution
		{8C416662-539C-4FED-B9FC-889BDF11CD1F}.Debug|Any CPU.ActiveCfg = Debug|Any CPU
		{8C416662-539C-4FED-B9FC-889BDF11CD1F}.Debug|Any CPU.Build.0 = Debug|Any CPU
		{8C416662-539C-4FED-B9FC-889BDF11CD1F}.Release|Any CPU.ActiveCfg = Release|Any CPU
		{8C416662-539C-4FED-B9FC-889BDF11CD1F}.Release|Any CPU.Build.0 = Release|Any CPU
	EndGlobalSection
	GlobalSection(SolutionProperties) = preSolution
		HideSolutionNode = FALSE
	EndGlobalSection
	GlobalSection(ExtensibilityGlobals) = postSolution
		SolutionGuid = {347A71C9-0CE7-44E1-AA85-508B5F021558}
	EndGlobalSection
EndGlobal
